
Microsoft Visual Studio Solution File, Format Version 12.00
# Visual Studio 15
VisualStudioVersion = 15.0.26228.9
MinimumVisualStudioVersion = 10.0.40219.1
Project("{FAE04EC0-301F-11D3-BF4B-00C04F79EFBC}") = "webProxy", "webProxy\webProxy.csproj", "{692FCF53-FAA2-4EAB-9CB0-B8F8D6D0CD86}"
EndProject
Global
	GlobalSection(SolutionConfigurationPlatforms) = preSolution
		Debug|Any CPU = Debug|Any CPU
		Release|Any CPU = Release|Any CPU
	EndGlobalSection
	GlobalSection(ProjectConfigurationPlatforms) = postSolution
		{692FCF53-FAA2-4EAB-9CB0-B8F8D6D0CD86}.Debug|Any CPU.ActiveCfg = Debug|Any CPU
		{692FCF53-FAA2-4EAB-9CB0-B8F8D6D0CD86}.Debug|Any CPU.Build.0 = Debug|Any CPU
		{692FCF53-FAA2-4EAB-9CB0-B8F8D6D0CD86}.Release|Any CPU.ActiveCfg = Release|Any CPU
		{692FCF53-FAA2-4EAB-9CB0-B8F8D6D0CD86}.Release|Any CPU.Build.0 = Release|Any CPU
	EndGlobalSection
	GlobalSection(SolutionProperties) = preSolution
		HideSolutionNode = FALSE
	EndGlobalSection
	GlobalSection(ExtensibilityGlobals) = postSolution
		SolutionGuid = {AA33C4B1-9F1F-41B5-A0F1-E71F83245813}
	EndGlobalSection
EndGlobal
